# Compiled from runtime-requirements.in by environment/resolve_wheelhouse.sh, on the
# B300 host, INSIDE this task's own base image -- so these are the packages that must
# be ADDED to that base, not a standalone closure. Resolving without the base in scope
# produces a set that overwrites the base's own torch.
#
# Each hash is the sha256 of the bytes in the wheelhouse, checked against what the
# index reported. --require-hashes makes any later substitution a build failure.
#
# gym==0.26.2 and antlr4-python3-runtime==4.9.3 are the two entries PyPI has no wheel
# for; their hashes are of the wheels stage 0 of that script builds from the published
# sdists. Both are pure Python, so the wheel is a repack of the sdist's contents.

# transitive
absl-py==2.5.0 \
    --hash=sha256:0f17b89f2a4eaaedc4f28c622998aa690564b3012a396a4ffad0821007fe03ba
accelerate==1.14.0 \
    --hash=sha256:e94390c2863b873be18f623f9df48a0d8fe5eff13ea7f1a00092b0a7904888c6
# transitive
aiohappyeyeballs==2.7.1 \
    --hash=sha256:9243213661e29250eb41368e5daa826fc017156c3b8a11440826b2e3ed376472
# transitive
aiohttp==3.14.3 \
    --hash=sha256:53e7b4ce82b54a8bcc71b3b67a5cbd177ca1d7f592cbc92cd38b7349f73482db
# transitive
aiohttp-cors==0.8.1 \
    --hash=sha256:3180cf304c5c712d626b9162b195b1db7ddf976a2a25172b35bb2448b890a80d
# transitive
aiosignal==1.4.0 \
    --hash=sha256:053243f8b92b990551949e63930a839ff0cf0b0ebbe0597b0f3fb19e1a0fe82e
# transitive
annotated-doc==0.0.5 \
    --hash=sha256:117bac03a25ede5df5440e855b32d556049ca169ead221505badf432fed4b101
# transitive
annotated-types==0.8.0 \
    --hash=sha256:f072f4d804ea359e4eaf198b1af7a8b0943881a87f31bb764f8bf219bb9419e0
anthropic==0.120.2 \
    --hash=sha256:0f0bc2b381dc0eb41c8d886b815d79c2041cd2374f83aed36f574b6dc9c579c1
# transitive
antlr4-python3-runtime==4.9.3 \
    --hash=sha256:b71cd71c5feb5c1cc36309b1f7a9f2e03e8851cfc375886cbad467db682445f0
# transitive
anyio==4.14.2 \
    --hash=sha256:9f505dda5ac9f0c8309b5e8bd445a8c2bf7246f3ce950121e45ea15bc41d1494
# transitive
astor==0.8.1 \
    --hash=sha256:070a54e890cefb5b3739d19f30f5a5ec840ffc9c50ffa7d23cc9fc1a38ebbfc5
# transitive
blake3==1.0.9 \
    --hash=sha256:964b642631a3c8fe117b3439c8ae64a9a0981af9444e409656d1f1e464bfa125
# transitive
cachetools==7.1.7 \
    --hash=sha256:ef98ef375ad188819ef2f9b3645e3987f4b8c5b7550e436ad998c2de78296df0
# transitive
cbor2==6.1.4 \
    --hash=sha256:c204a75f91f8cd9ed0881f6b88ec395c59aeac9fcf4d08155e7f899db2a1c46e
# transitive
cffi==2.1.1 \
    --hash=sha256:34e261f78cb6ceaaa36f42f2613f4380d94d9c759a9c73c769ee6e0247364632
# transitive
cloudpickle==3.1.2 \
    --hash=sha256:9acb47f6afd73f60dc1df93bb801b472f05ff42fa6c84167d25cb206be1fbf4a
codetiming==1.4.0 \
    --hash=sha256:3b80f409bef00941a9755c5524071ce2f72eaa4520f4bc35b33869cde024ccbd
# transitive
colorful==0.5.8 \
    --hash=sha256:a9381fdda3337fbaba5771991020abc69676afa102646650b759927892875992
# transitive
compressed-tensors==0.11.0 \
    --hash=sha256:e1cbc46e1ae032b7ceea915fe18c8d2de5a54d3a50a607969b6bdfe703b6cb83
# transitive
contourpy==1.3.3 \
    --hash=sha256:51e79c1f7470158e838808d4a996fa9bac72c498e93d8ebe5119bc1e6becb0db
# transitive
cryptography==50.0.0 \
    --hash=sha256:82148ec5bddac30b51a5b3c1945075f896fa022cb93f8e4a01e9f6ee95292c5f
# transitive
cupy-cuda12x==13.6.0 \
    --hash=sha256:77ba6745a130d880c962e687e4e146ebbb9014f290b0a80dbc4e4634eb5c3b48
# transitive
cycler==0.12.1 \
    --hash=sha256:85cef7cff222d8644161529808465972e51340599459b8ac3ccbac5a854e0d30
# transitive
cyclopts==4.22.4 \
    --hash=sha256:90debd2468c5b33d7ca55ca64209a3bdf2667c11a2f75d973584198b58ca5e46
datasets==4.8.5 \
    --hash=sha256:5079900781719c0e063a8efdd2cd95a31ad0c63209178669cd23cf1b926149ff
# transitive
depyf==0.19.0 \
    --hash=sha256:040b35fc0997d49df024b7d094f2a7836f91e9ed02f49982dd37e70aa3285ad5
# transitive
detect-installer==0.1.0 \
    --hash=sha256:034fb20fd665c36e6ba52b8821525ea07fb4f7f938cac459df889fb33801528a
# transitive
detect_agent==0.5.0 \
    --hash=sha256:58dd50744a4e87ea7e658442675f72b7a998cdc3d8b1e0f7130e253d0f892d65
dill==0.4.1 \
    --hash=sha256:1e1ce33e978ae97fcfcff5638477032b801c46c7c65cf717f95fbc2248f79a9d
# transitive
diskcache==5.6.3 \
    --hash=sha256:5e31b2d5fbad117cc363ebaf6b689474db18a1f6438bc82358b024abd4c2ca19
# transitive
distlib==0.4.3 \
    --hash=sha256:4b0ce306c966eb73bc3a7b6abad017c556dadd92c44701562cd528ac7fde4d5b
# transitive
docstring_parser==0.18.0 \
    --hash=sha256:b3fcbed555c47d8479be0796ef7e19c2670d428d72e96da63f3a40122860374b
# transitive
einops==0.8.2 \
    --hash=sha256:54058201ac7087911181bfec4af6091bb59380360f069276601256a76af08193
# transitive
email-validator==2.3.0 \
    --hash=sha256:80f13f623413e6b197ae73bb10bf4eb0908faf509ad8362c5edeb0be7fd450b4
# transitive
Farama-Notifications==0.0.6 \
    --hash=sha256:f84839188efa1ce5bb361c2a84881b2dc2c0d0d7fb661ff00421820170930935
# transitive
fastapi==0.141.1 \
    --hash=sha256:bfb91aa2d334c61cb35ba9a116fc123b3d3df31640b801cf57a7a78ec3f603b3
# transitive
fastapi-cli==0.0.32 \
    --hash=sha256:8dcc286fa32f01bbd3f65dd09cfd5a2540ed5f2230b77db7fd30978d6165f3c4
# transitive
fastapi-cloud-cli==0.23.0 \
    --hash=sha256:1cd2ffa56e92e92c1fc63acc426c214dd928cbeed2a4c7c6a9a5fc85ea73de16
# transitive
fastar==0.11.0 \
    --hash=sha256:d7f5fd8fa21ec0a88296a38dc5d7fc35efd3b26d46a17b8b7c73c5563925ca15
# transitive
fastrlock==0.8.3 \
    --hash=sha256:04bb5eef8f460d13b8c0084ea5a9d3aab2c0573991c880c0a34a56bb14951d30
# transitive
filelock==3.32.2 \
    --hash=sha256:87dd94cf281e586d135fa51132b8e3d9a598b316e90377a288663c9321036c82
# transitive
fonttools==4.63.0 \
    --hash=sha256:d76ac49f929aecaf82d83250b8347e099d7aecba0f4726c1d9b6df3b8bb5fe18
# transitive
frozenlist==1.8.0 \
    --hash=sha256:2552f44204b744fba866e573be4c1f9048d6a324dfe14475103fd51613eb1d1f
# transitive
gguf==0.19.0 \
    --hash=sha256:70bcd10edfe697fb2dad6e40af2234b9d8ece9a41a99761405121ebda1c3c1cd
# transitive
google-api-core==2.33.0 \
    --hash=sha256:a2e22a0c1d0f03eafff1858b38cf46f832d5902b0c052235bf0ab8402929fbdc
# transitive
google-auth==2.56.2 \
    --hash=sha256:c8270ea95b2697b74e3d8438ae9c5b898e38b623b915c7b5c5635921e7de68a6
# transitive
googleapis-common-protos==1.75.0 \
    --hash=sha256:961ed60399c457ceb0ee8f285a84c870aabc9c6a832b9d37bb281b5bebde43ed
# transitive
grpcio==1.83.0 \
    --hash=sha256:f5f410d7c2903eabb34789dfd6342eef04af1ad459943936b7e09a9f5bd417b9
gym==0.26.2 \
    --hash=sha256:98c038e90fe628590fa346f233249f1aff68f7887c57ffcd9972968fe09705cb
# transitive
gym-notices==0.1.0 \
    --hash=sha256:a943af4446cb619d04fd1e470b9272b4473e08a06d1c7cc9005755a4a0b8c905
gym-sokoban==0.0.6 \
    --hash=sha256:14e50b1ed985f78b69278af6edb2246dfd4b467cd7adf8e9877b175c328f59ab
gymnasium==1.2.1 \
    --hash=sha256:85cd1c16351db0b89f73be54e952ddfece97b56d1e5400d2dcd59f58b7707963
# transitive
h11==0.16.0 \
    --hash=sha256:63cf8bbe7522de3bf65932fda1d9c2772064ffb3dae62d55932da54b31cb6c86
# transitive
hf-xet==1.6.0 \
    --hash=sha256:d62671bb130879cef0ee4c9ebe47a14af6c66ec53e6d84dc15936e5ffdfac82f
# transitive
httpcore==1.0.9 \
    --hash=sha256:2d400746a40668fc9dec9810239072b40b4484b640a8c38fd654a024c7a1bf55
# transitive
httptools==0.8.0 \
    --hash=sha256:57278e6fa0424c42a8a3e454828ab4f0aff27b40cddf9679579b98c6dce6a376
# transitive
httpx==0.28.1 \
    --hash=sha256:d909fcccc110f8c7faf814ca82a9a4d816bc5a6dbfea25d6591d6985b8ba59ad
# transitive
huggingface_hub==0.36.2 \
    --hash=sha256:48f0c8eac16145dfce371e9d2d7772854a4f591bcb56c9cf548accf531d54270
hydra-core==1.3.2 \
    --hash=sha256:fa0238a9e31df3373b35b0bfb672c34cc92718d21f81311d8996a16de1141d8b
# transitive
ImageIO==2.37.4 \
    --hash=sha256:1ab2e22c8debf700f24c3ac43e8f95f3b3a8110c83b93411e97b4b0b2cd1c7e6
# transitive
importlib_metadata==9.0.0 \
    --hash=sha256:2d21d1cc5a017bd0559e36150c21c830ab1dc304dedd1b7ea85d20f45ef3edd7
# transitive
interegular==0.3.3 \
    --hash=sha256:b0c07007d48c89d6d19f7204972d369b2a77222722e126b6aa63aa721dc3b19c
# transitive
jiter==0.16.0 \
    --hash=sha256:8597d23c87f59294f83bcb6229b9ed1fccee13dbba967b46930d2f1759466fee
# transitive
kiwisolver==1.5.0 \
    --hash=sha256:2517e24d7315eb51c10664cdb865195df38ab74456c677df67bb47f12d088a27
# transitive
lark==1.2.2 \
    --hash=sha256:c2276486b02f0f1b90be155f2c8ba4a8e194d42775786db622faccd652d8e80c
# transitive
llguidance==0.7.30 \
    --hash=sha256:9edc409b9decd6cffba5f5bf3b4fbd7541f95daa8cbc9510cbf96c6ab1ffc153
# transitive
llvmlite==0.44.0 \
    --hash=sha256:c5d22c3bfc842668168a786af4205ec8e3ad29fb1bc03fd11fd48460d0df64c1
# transitive
lm-format-enforcer==0.11.3 \
    --hash=sha256:cf586350875def1ae7a8fba84fcbbfc8371424b6c9d05c1fcba70aa233fbf06f
# transitive
Markdown==3.10.3 \
    --hash=sha256:fa6c92a00a4a3c98b22728c64a935ae1928250ae65058a6ded814d2cc29a4cea
# transitive
markdown-it-py==4.2.0 \
    --hash=sha256:9f7ebbcd14fe59494226453aed97c1070d83f8d24b6fc3a3bcf9a38092641c4a
matplotlib==3.11.1 \
    --hash=sha256:aee55e9041211bf84302ab55ec3965df18dd90ae19f8b58332a7feaf208bfe83
# transitive
mdurl==0.1.2 \
    --hash=sha256:84008a41e51615a49fc9966191ff91509e3c40b939176e643fd50a5c2196b8f8
# transitive
mistral_common==1.11.7 \
    --hash=sha256:a9511b88eacacbe7dacddd9d3498c1739f56847b7fdddbd5a22e7844fd9def95
# transitive
msgspec==0.21.1 \
    --hash=sha256:6badc03b9725352219cca017bfe71c61f2fbd0fb5982b410ac17c97c213deb30
# transitive
multidict==6.7.1 \
    --hash=sha256:439cbebd499f92e9aa6793016a8acaa161dfa749ae86d20960189f5398a19144
# transitive
multiprocess==0.70.19 \
    --hash=sha256:928851ae7973aea4ce0eaf330bbdafb2e01398a91518d5c8818802845564f45c
# transitive
numba==0.61.2 \
    --hash=sha256:3945615cd73c2c7eba2a85ccc9c1730c21cd3958bfcf5a44302abae0fb07bb60
numpy==1.26.4 \
    --hash=sha256:666dbfb6ec68962c033a450943ded891bed2d54e6755e35e5835d63f4f6931d5
omegaconf==2.3.0 \
    --hash=sha256:7b4df175cdb08ba400f45cae3bdcae7ba8365db4d165fc65fd04b050ab63b46b
openai==2.53.0 \
    --hash=sha256:c694ffc747a3c4d1663ef2b07b811315a476164ee5efa3a993967349ebca7618
# transitive
openai-harmony==0.0.8 \
    --hash=sha256:c007d277218a50db8839e599ed78e0fffe5130f614c3f6d93ae257f282071a29
# transitive
opencensus==0.11.4 \
    --hash=sha256:a18487ce68bc19900336e0ff4655c5a116daf10c1b3685ece8d971bddad6a864
# transitive
opencensus-context==0.1.3 \
    --hash=sha256:073bb0590007af276853009fac7e4bab1d523c3f03baf4cb4511ca38967c6039
# transitive
opencv-python-headless==4.11.0.86 \
    --hash=sha256:0e0a27c19dd1f40ddff94976cfe43066fbbe9dfbb2ec1907d66c19caef42a57b
# transitive
opentelemetry-api==1.44.0 \
    --hash=sha256:94b98c893a91b88657eaac1e3ba89618cdb85be6918196705354f34728b2cdef
# transitive
opentelemetry-exporter-prometheus==0.65b0 \
    --hash=sha256:3b3d24b586d0ad9712c7b52b7d19c8a9dfbb318b9b284121b5f95e90ed019367
# transitive
opentelemetry-proto==1.44.0 \
    --hash=sha256:898b155a0e1557afd867478fb6158e8122a46329ca0bb8dc53cc55e98f017f56
# transitive
opentelemetry-sdk==1.44.0 \
    --hash=sha256:df081c4c6bcfdb1211e3e86140376792643128a25f8d72d1d27675936e7e96ad
# transitive
opentelemetry-semantic-conventions==0.65b0 \
    --hash=sha256:1cacde7b0ad306f84c5ef08c3dbe1bbaf20165bba6f8bff43b670e555a086bcb
# transitive
orjson==3.11.9 \
    --hash=sha256:147302878da387104b66bb4a8b0227d1d487e976ce41a8501916161072ed87b1
# transitive
outlines_core==0.2.11 \
    --hash=sha256:132605b8dd1e3d1369da6a851992dd357f6376068292f6bd47caa7a28b794d19
pandas==2.3.3 \
    --hash=sha256:b98560e98cb334799c0b07ca7967ac361a47326e9b4e5a7dfb5ab2b1c9d35a1b
# transitive
partial-json-parser==0.2.1.1.post7 \
    --hash=sha256:145119e5eabcf80cbb13844a6b50a85c68bf99d376f8ed771e2a3c3b03e653ae
peft==0.20.0 \
    --hash=sha256:0fbba16ffebfad3de96e06f2da6860fd860292324b85b6141909fa1e26ea9233
# transitive
prometheus-fastapi-instrumentator==8.1.0 \
    --hash=sha256:b9f40b2cff3f7891ca0610b3ae4fc6ec723fd326b04bb659819aaeb821a0fc7d
# transitive
prometheus_client==0.26.0 \
    --hash=sha256:fa93d06737aa02bacd05794768508bb97d2fbee28cb3bca04eaae92f0ca953d6
# transitive
propcache==0.5.2 \
    --hash=sha256:5aaa2b923c1944ac8febd6609cb373540a5563e7cbcb0fd770f75dace2eb817b
# transitive
proto-plus==1.28.2 \
    --hash=sha256:b874236fcac2358f601e4330bcb76cb8b89c851303ccf4078408b3d4774d1c52
# transitive
protobuf==7.35.1 \
    --hash=sha256:74758715c53d7158fb76caf4f0cfdacc5329a4b1bb994f865d6cf302d413a1c4
# transitive
py-cpuinfo==9.0.0 \
    --hash=sha256:859625bc251f64e21f077d099d4162689c762b5d6a4c3c97553d56241c9674d5
# transitive
py-spy==0.4.2 \
    --hash=sha256:aeb0323409199c785f730645e9f4bb7a7b9ca2c481f2c331a55642b5d13fa52f
pyarrow==25.0.0 \
    --hash=sha256:0222f0071d13313962a88d21bf28b80d355ac39d81bfa6ff3fe00eeaf748e4be
# transitive
pyasn1==0.6.4 \
    --hash=sha256:deda9277cfd454080ec40b207fb6df82206a3a2688735233cdcd8d3d565f088b
# transitive
pyasn1_modules==0.4.2 \
    --hash=sha256:29253a9207ce32b64c3ac6600edc75368f98473906e8fd1043bd6b5b1de2c14a
# transitive
pybase64==1.4.3 \
    --hash=sha256:95a57cccf106352a72ed8bc8198f6820b16cc7d55aa3867a16dea7011ae7c218
pybind11==3.0.4 \
    --hash=sha256:961720ee652da51d531b7b2451a6bd2bc042b0106e6d9baa48ecb7d58034ce63
# transitive
pycountry==26.2.16 \
    --hash=sha256:115c4baf7cceaa30f59a4694d79483c9167dbce7a9de4d3d571c5f3ea77c305a
# transitive
pydantic==2.13.4 \
    --hash=sha256:45a282cde31d808236fd7ea9d919b128653c8b38b393d1c4ab335c62924d9aba
# transitive
pydantic-extra-types==2.11.1 \
    --hash=sha256:1722ea2bddae5628ace25f2aa685b69978ef533123e5638cfbddb999e0100ec1
# transitive
pydantic-settings==2.14.2 \
    --hash=sha256:a20c97b37910b6550d5ea50fbcc2d4187defe58cd57070b73863d069419c9440
# transitive
pydantic_core==2.46.4 \
    --hash=sha256:f9fa868638bf362d3d138ea55829cefb3d5f4b0d7f142234382a15e2485dbec4
# transitive
pygame==2.6.1 \
    --hash=sha256:ce8cc108b92de9b149b344ad2e25eedbe773af0dc41dfb24d1f07f679b558c60
pylatexenc==2.11 \
    --hash=sha256:e78e7391d6c104f1ed150e21cfaa58016cdb50aa54406a2eecb793649ffdfdd0
# transitive
pyparsing==3.3.2 \
    --hash=sha256:850ba148bd908d7e2411587e247a1e4f0327839c40e2e5e6d05a007ecc69911d
# transitive
python-dateutil==2.9.0.post0 \
    --hash=sha256:a8b2bc7bffae282281c8140a97d3aa9c14da0b136dfe83f850eea9a5f7470427
# transitive
python-discovery==1.5.1 \
    --hash=sha256:ac07f44cade589d954e9d6a1e1468539fdddd2cf676beb51da73e0f156b7c932
# transitive
python-dotenv==1.2.2 \
    --hash=sha256:1d8214789a24de455a8b8bd8ae6fe3c6b69a5e3d64aa8a8e5d68e694bbcb285a
# transitive
python-json-logger==4.1.0 \
    --hash=sha256:132994765cf75bf44554be9aa49b06ef2345d23661a96720262716438141b6b2
# transitive
python-multipart==0.0.32 \
    --hash=sha256:ff6d3f776f16878c894e52e107296ffc890e913c611b1a4ec6c44e2821fe2e23
# transitive
pyvers==0.1.0 \
    --hash=sha256:065249805ae537ddf9a2d1a8dffc6d0a12474a347d2eaa2f35ebdae92c0c8199
# transitive
pyzmq==27.1.0 \
    --hash=sha256:5bbf8d3630bf96550b3be8e1fc0fea5cbdc8d5466c1192887bd94869da17a63e
ray==2.56.1 \
    --hash=sha256:e7003a47a42ef2ad33ec0b34dc5b6afb03f63fe59465e6f4c8f6d05492d9e4a6
# transitive
regex==2026.7.19 \
    --hash=sha256:09f3e5287f94f17b709dc9a9e70865855feee835c861613be144218ce4ca82cc
# transitive
requests==2.34.2 \
    --hash=sha256:2a0d60c172f83ac6ab31e4554906c0f3b3588d37b5cb939b1c061f4907e278e0
# transitive
rich==15.0.0 \
    --hash=sha256:33bd4ef74232fb73fe9279a257718407f169c09b78a87ad3d296f548e27de0bb
# transitive
rich-rst==2.1.0 \
    --hash=sha256:7ecd1343ee12c879d0e7ae74c3eb6d263b023d2929c6d114212eb1fd91057255
# transitive
rich-toolkit==0.20.3 \
    --hash=sha256:419aa87516d5f3849cca553c6dcf707c02a36d508fcf996946606725d34a3002
# transitive
rignore==0.8.0 \
    --hash=sha256:7c86151db677c6b9c7b12389db73780cce3bd7125d7fb7a9160f57c5cdd310ed
# transitive
safetensors==0.8.0 \
    --hash=sha256:fd6f3f93c9a0a7cc2788ee63fb763353d4bd2e89b0751bc78fcf7dda00bea774
# transitive
scipy==1.17.1 \
    --hash=sha256:43af8d1f3bea642559019edfe64e9b11192a8978efbd1539d7bc2aaa23d92de4
# transitive
sentencepiece==0.2.2 \
    --hash=sha256:1416b92f2f010333786fe6306ed2631121d5ea492219b0841e967b6765e64107
# transitive
sentry-sdk==2.66.1 \
    --hash=sha256:86002793161d9a95ef04bdd8d442e9bfece5d989b755f05d6360215094a7aff6
# transitive
setproctitle==1.3.7 \
    --hash=sha256:1607b963e7b53e24ec8a2cb4e0ab3ae591d7c6bf0a160feef0551da63452b37f
# transitive
shellingham==1.5.4 \
    --hash=sha256:7ecfff8f2fd72616f7481040475a65b2bf8af90a56c89140852d1120324e8686
# transitive
smart_open==8.0.1 \
    --hash=sha256:3e97f90e92a952cb57863dfe132082c400a52eeeb27c067692fb51dbcc5b0089
# transitive
sniffio==1.3.1 \
    --hash=sha256:2f6da418d1f1e0fddd844478f41680e794e6051915791a034ff65e5f100525a2
# transitive
soundfile==0.14.0 \
    --hash=sha256:1e38bac1853412871318e82a1ba69a8be677619b56025bbfcccdb41b6cafe82d
# transitive
soxr==1.1.0 \
    --hash=sha256:3da87e3ffa3e41823d873b051c7ecb2acebd8d1b6b46b752f5facf10a0d84ab9
# transitive
starlette==1.3.1 \
    --hash=sha256:c7372aae11c3c3f26a42df7bd626cec2f47d03483d261d369516a615a53714c6
# transitive
tabulate==0.10.0 \
    --hash=sha256:f0b0622e567335c8fabaaa659f1b33bcb6ddfe2e496071b743aa113f8774f2d3
tensorboard==2.21.0 \
    --hash=sha256:7279316dcb6bd5bc391d623dea841531299cde1887310e8133bc34a996d32255
# transitive
tensorboard-data-server==0.7.2 \
    --hash=sha256:ef687163c24185ae9754ed5650eb5bc4d84ff257aabdc33f0cc6f74d8ba54530
tensordict==0.10.0 \
    --hash=sha256:bccb6a7d7f02a8c83ca41815943bfa284da7d28019ab4276135809bda5ba05a6
# transitive
tiktoken==0.13.0 \
    --hash=sha256:36217497eaffc158607a3b26f065300db2aefd43b115263f3b9688ce38146173
together==2.28.0 \
    --hash=sha256:755e34ce92453fb8504f63662578a047943693f8bed69eaa44b4471b324544c6
# transitive
tokenizers==0.21.4 \
    --hash=sha256:51b7eabb104f46c1c50b486520555715457ae833d5aee9ff6ae853d1130506ff
torchdata==0.11.0 \
    --hash=sha256:52b940fbbe0e00fb21cabddf528449d1bec5bfb0d0823b7487b15f951658ee33
transformers==4.55.4 \
    --hash=sha256:df28f3849665faba4af5106f0db4510323277c4bb595055340544f7e59d06458
# transitive
typer==0.27.1 \
    --hash=sha256:53150287edd11baeb4e4722c8e394fcdf8181c0ae89485cba8d25c778d5edd56
# transitive
types-PyYAML==6.0.12.20260724 \
    --hash=sha256:d57db930a4b2efbc57cf430ec8882765d246929432fa253092f383902329a453
# transitive
types-tabulate==0.10.0.20260508 \
    --hash=sha256:b1e1a2d0456fbd655a71690b09a7aaeffdf2978d32049184ea436492aa51d20a
# transitive
types-tqdm==4.70.0.20260731 \
    --hash=sha256:d2a8b4ced62afecc84b89d75e40397c22a228ca273eb778899713981e9b323dc
# transitive
typing-inspection==0.4.2 \
    --hash=sha256:4ed1cacbdc298c220f1bd249ed5287caa16f34d44ef4e9c3d0cbad5b521545e7
# transitive
tzdata==2026.3 \
    --hash=sha256:dc096730c87af6cab1b171c9d532be840741ff5d459015e7f6947bd7d7e54931
# transitive
uvicorn==0.52.1 \
    --hash=sha256:e4403f9d93188cf9d1088e9f40e3acd12630e2df8675316704379a7fc20fff6a
# transitive
uvloop==0.22.1 \
    --hash=sha256:56a2d1fae65fd82197cb8c53c367310b3eabe1bbb9fb5a04d28e3e3520e4f702
# transitive
virtualenv==21.7.1 \
    --hash=sha256:6394973f990536e34c05157179146c020284c42fe01da1dfeb0ba16c345280d9
vllm==0.11.0 \
    --hash=sha256:3861c75ff2b12e24f6d179ff5c084d791b42ded8675d76c8706697c79f68cd62
wandb==0.28.1 \
    --hash=sha256:8cfb898b6a6c884d9c9294b02764e88bce65049f027a124d6bee53fe722469b6
# transitive
watchfiles==1.2.0 \
    --hash=sha256:a711b51aec4370d0dcda5b6c09463206f133a5759341d7744b953a7b62e1100e
# transitive
websockets==17.0.1 \
    --hash=sha256:d41e9845514754a42d1d83b2fca9d27fee2ca7b3b0bee6843ba5a9bb2b6e25ac
# transitive
Werkzeug==3.1.8 \
    --hash=sha256:63a77fb8892bf28ebc3178683445222aa500e48ebad5ec77b0ad80f8726b1f50
# transitive
wrapt==2.3.0 \
    --hash=sha256:fc648a335d7e01adb3640b25f02fd0ea05886cf04d0af7f4ee902bc7b5e466e8
# transitive
xformers==0.0.32.post1 \
    --hash=sha256:5f245b5555188da112070d8fefb6b7ae1ae47422856521d66c837e9d2352fbe4
# transitive
xgrammar==0.1.25 \
    --hash=sha256:fc19d6d7e8e51b6c9a266e949ac7fb3d2992447efeec7df32cca109149afac18
# transitive
xxhash==3.8.1 \
    --hash=sha256:ad52a0e4bcc0ba956a953a169d1feec2734a64981d689e4fc8f490f7bf91af60
# transitive
yarl==1.24.5 \
    --hash=sha256:570fec8fbd22b032733625f03f10b7ff023bc399213db15e72a7acaef28c2f4e
# transitive
zipp==4.1.0 \
    --hash=sha256:25ad4e16390cd314347dd8f1de67a2ac538ae658ed4ab9db16029c07c188e97f
