# Resolved on the B300 host by environment/resolve_wheelhouse.sh, INSIDE this task's
# own base image -- so these are the packages that must be ADDED to that base, not a
# standalone closure. Resolving without the base in scope produces a set that
# overwrites the base's own torch; see that script's header.
#
# Each hash is the sha256 of the bytes in the wheelhouse, checked against what the
# index reported. --require-hashes makes any later substitution a build failure.
#
# Two entries are marked `locally built`: PyPI has no wheel for them, so the wheel was
# built from the upstream sdist and the hash below is that wheel's. The sdist each came
# from, by its own upstream hash:
#   langdetect-1.0.9.tar.gz  sha256:cbc1fef89f8d062739774bd51eda3da3274006b3661d199c2655f6b3f6d605a0
#   rouge_score-0.1.2.tar.gz  sha256:c7d4da2683e68c9abf0135ef915d63a46643666f848e558a1b9f7ead17ff0f04

# transitive
absl-py==2.5.0 \
    --hash=sha256:0f17b89f2a4eaaedc4f28c622998aa690564b3012a396a4ffad0821007fe03ba
accelerate==1.14.0 \
    --hash=sha256:e94390c2863b873be18f623f9df48a0d8fe5eff13ea7f1a00092b0a7904888c6
# transitive
aenum==3.1.15 \
    --hash=sha256:e0dfaeea4c2bd362144b87377e2c61d91958c5ed0b4daf89cb6f45ae23af6288
# transitive
agent-client-protocol==0.12.0 \
    --hash=sha256:233626748034896214de118f5cf5a319484ad2186705fd595219afee92237ccc
# transitive
aioboto3==15.5.0 \
    --hash=sha256:cc880c4d6a8481dd7e05da89f41c384dbd841454fc1998ae25ca9c39201437a6
# transitive
aiobotocore==2.25.1 \
    --hash=sha256:eb6daebe3cbef5b39a0bb2a97cffbe9c7cb46b2fcc399ad141f369f3c2134b1f
# transitive
aiofiles==25.1.0 \
    --hash=sha256:abe311e527c862958650f9438e859c1fa7568a141b22abcd015e120e86a85695
# transitive
aiohappyeyeballs==2.7.1 \
    --hash=sha256:9243213661e29250eb41368e5daa826fc017156c3b8a11440826b2e3ed376472
# transitive
aiohttp==3.14.3 \
    --hash=sha256:53e7b4ce82b54a8bcc71b3b67a5cbd177ca1d7f592cbc92cd38b7349f73482db
# transitive
aioitertools==0.13.0 \
    --hash=sha256:0be0292b856f08dfac90e31f4739432f4cb6d7520ab9eb73e143f4f2fa5259be
# transitive
aiosignal==1.4.0 \
    --hash=sha256:053243f8b92b990551949e63930a839ff0cf0b0ebbe0597b0f3fb19e1a0fe82e
# transitive
annotated-doc==0.0.5 \
    --hash=sha256:117bac03a25ede5df5440e855b32d556049ca169ead221505badf432fed4b101
# transitive
annotated-types==0.8.0 \
    --hash=sha256:f072f4d804ea359e4eaf198b1af7a8b0943881a87f31bb764f8bf219bb9419e0
# transitive
antlr4-python3-runtime==4.13.2 \
    --hash=sha256:fe3835eb8d33daece0e799090eda89719dbccee7aa39ef94eed3818cafa5a7e8
# transitive
anyio==4.14.2 \
    --hash=sha256:9f505dda5ac9f0c8309b5e8bd445a8c2bf7246f3ce950121e45ea15bc41d1494
bitsandbytes==0.49.0 \
    --hash=sha256:0c46cdef50b3174463b6bdf13715c9f1f00b360be3626e3c5d2f8d226af2cf3f
# transitive
boto3==1.40.61 \
    --hash=sha256:6b9c57b2a922b5d8c17766e29ed792586a818098efe84def27c8f582b33f898c
# transitive
botocore==1.40.61 \
    --hash=sha256:17ebae412692fd4824f99cde0f08d50126dc97954008e5ba2b522eb049238aa7
# transitive
colorlog==6.12.0 \
    --hash=sha256:30d392604e9110045a2c2aeefc27d7a017abbab63f3a8aee594eac0801df784e
# transitive
DataProperty==1.1.1 \
    --hash=sha256:cf026aa002dbd6c57c619ec6741ffd61ae7bf2f20481951d8af2dff44480340e
datasets==5.0.0 \
    --hash=sha256:7dd34927a0fd7046e98aad5cb9430e699c373238a15befa7b9bf22b991a7fee6
# transitive
debugpy==1.8.21 \
    --hash=sha256:f68b891688e61bdc08b8d364d919ff0051e0b94657b39dcd027bc3173edb7cdc
# transitive
dill==0.4.1 \
    --hash=sha256:1e1ce33e978ae97fcfcff5638477032b801c46c7c65cf717f95fbc2248f79a9d
# transitive
docstring_parser==0.18.0 \
    --hash=sha256:b3fcbed555c47d8479be0796ef7e19c2670d428d72e96da63f3a40122860374b
# transitive
fastapi==0.141.1 \
    --hash=sha256:bfb91aa2d334c61cb35ba9a116fc123b3d3df31640b801cf57a7a78ec3f603b3
# transitive
frozenlist==1.8.0 \
    --hash=sha256:2552f44204b744fba866e573be4c1f9048d6a324dfe14475103fd51613eb1d1f
# transitive
gitdb==4.0.12 \
    --hash=sha256:67073e15955400952c6565cc3e707c554a4eea2e428946f7a4c162fab9bd9bcf
# transitive
GitPython==3.1.57 \
    --hash=sha256:4ccf7d73c10f5c9e76043fbb2675ac5a1b3ff5b41e648f56bcbed5f63792ecaf
# transitive
h11==0.16.0 \
    --hash=sha256:63cf8bbe7522de3bf65932fda1d9c2772064ffb3dae62d55932da54b31cb6c86
# transitive
hf-xet==1.6.0 \
    --hash=sha256:d62671bb130879cef0ee4c9ebe47a14af6c66ec53e6d84dc15936e5ffdfac82f
# transitive
httpcore==1.0.9 \
    --hash=sha256:2d400746a40668fc9dec9810239072b40b4484b640a8c38fd654a024c7a1bf55
# transitive
httpx==0.28.1 \
    --hash=sha256:d909fcccc110f8c7faf814ca82a9a4d816bc5a6dbfea25d6591d6985b8ba59ad
# transitive
huggingface_hub==0.36.2 \
    --hash=sha256:48f0c8eac16145dfce371e9d2d7772854a4f591bcb56c9cf548accf531d54270
# transitive
ijson==3.5.1 \
    --hash=sha256:affb85eb75fa03a21d1f790bbf26a0e66e5701672062a30dc5c3c6a29c5c0a63
# transitive
inspect_ai==0.3.251 \
    --hash=sha256:6f18df2f14dd0646db78eaffe0db6d7735334450fdd4e03ec8f45b42a669b0fe
# transitive
jiter==0.16.0 \
    --hash=sha256:8597d23c87f59294f83bcb6229b9ed1fccee13dbba967b46930d2f1759466fee
# transitive
jmespath==1.1.0 \
    --hash=sha256:a5663118de4908c91729bea0acadca56526eb2698e83de10cd116ae0f4e97c64
# transitive
joblib==1.5.3 \
    --hash=sha256:5fc3c5039fc5ca8c0276333a188bbd59d6b7ab37fe6632daa76bc7f9ec18e713
# transitive
jsonlines==4.0.0 \
    --hash=sha256:185b334ff2ca5a91362993f42e83588a360cf95ce4b71a73548502bda52a7c55
# transitive
jsonpath-ng==1.8.0 \
    --hash=sha256:b8dde192f8af58d646fc031fac9c99fe4d00326afc4148f1f043c601a8cfe138
# transitive
jsonref==1.1.0 \
    --hash=sha256:590dc7773df6c21cbf948b5dac07a72a251db28b0238ceecce0a2abfa8ec30a9
# transitive
langcodes==3.5.1 \
    --hash=sha256:b6a9c25c603804e2d169165091d0cdb23934610524a21d226e4f463e8e958a72
# locally built
langdetect==1.0.9 \
    --hash=sha256:c03235e039a1ea220931b310965cc83c8a4c6e8d2687dfe436ba48124a8ad29d
# transitive
latex2sympy2_extended==1.0.6 \
    --hash=sha256:036da4b24c73c4b13566ef4e347be08232c6539ddd75b38f083cc5821e738bba
lighteval==0.13.0 \
    --hash=sha256:2552944f09e90680394f051bc109ca951cff694002ac3365c99fd6b6bb394dcf
# transitive
linkify-it-py==2.1.0 \
    --hash=sha256:0d252c1594ecba2ecedc444053db5d3a9b7ec1b0dd929c8f1d74dce89f86c05e
# transitive
lxml==6.1.1 \
    --hash=sha256:18b73c339ae29b90fd2d06e58ebd555a751bde9cd6bbd36cc0281b9a2c94e9d8
# transitive
markdown-it-py==4.2.0 \
    --hash=sha256:9f7ebbcd14fe59494226453aed97c1070d83f8d24b6fc3a3bcf9a38092641c4a
# transitive
mbstrdecoder==1.1.5 \
    --hash=sha256:4a50fe113d4abecfd86e8f716b2e413cce03d63af83ec3c7cdbe81dec0e519ed
# transitive
mdit-py-plugins==0.6.1 \
    --hash=sha256:214c82fb2ac524472ab6a5bcab1de80f73b50443e187f401bfd77efbc7c6481d
# transitive
mdurl==0.1.2 \
    --hash=sha256:84008a41e51615a49fc9966191ff91509e3c40b939176e643fd50a5c2196b8f8
# transitive
mmh3==5.2.1 \
    --hash=sha256:db0562c5f71d18596dcd45e854cf2eeba27d7543e1a3acdafb7eef728f7fe85d
# transitive
multidict==6.7.1 \
    --hash=sha256:439cbebd499f92e9aa6793016a8acaa161dfa749ae86d20960189f5398a19144
# transitive
multiprocess==0.70.19 \
    --hash=sha256:928851ae7973aea4ce0eaf330bbdafb2e01398a91518d5c8818802845564f45c
# transitive
narwhals==2.24.0 \
    --hash=sha256:42fdedf44e5b2ca7505630d45b4ac3058f38d8485cba9fe1652ca23152df7489
# transitive
nest-asyncio2==1.7.2 \
    --hash=sha256:f5dfa702f3f81f6a03857e9a19e2ba578c0946a4ad417b4c50a24d7ba641fe01
nltk==3.9.1 \
    --hash=sha256:4fa26829c5b00715afe3061398a8989dc643b92ce7dd93fb4585a70930d168a1
# transitive
openai==2.53.0 \
    --hash=sha256:c694ffc747a3c4d1663ef2b07b811315a476164ee5efa3a993967349ebca7618
# transitive
pandas==3.0.5 \
    --hash=sha256:2c0cf1dd9b55a22d105fc46c1b489af3bd42264fcba7c66297bf47a9a1d9c78a
# transitive
pathlib_abc==0.5.2 \
    --hash=sha256:4c9d94cf1b23af417ce7c0417b43333b06a106c01000b286c99de230d95eefbb
# transitive
pathvalidate==3.3.1 \
    --hash=sha256:5263baab691f8e1af96092fa5137ee17df5bdfbd6cff1fcac4d6ef4bc2e1735f
peft==0.19.1 \
    --hash=sha256:2113f72a81621b5913ef28f9022204c742df111890c5f49d812716a4a301e356
# transitive
portalocker==4.1.0 \
    --hash=sha256:d985a430d265adf31adf12bc0bf3501aea59efc495e9104c057e5dfb7394c226
# transitive
propcache==0.5.2 \
    --hash=sha256:5aaa2b923c1944ac8febd6609cb373540a5563e7cbcb0fd770f75dace2eb817b
# transitive
protobuf==7.35.1 \
    --hash=sha256:74758715c53d7158fb76caf4f0cfdacc5329a4b1bb994f865d6cf302d413a1c4
# transitive
pyarrow==25.0.0 \
    --hash=sha256:0222f0071d13313962a88d21bf28b80d355ac39d81bfa6ff3fe00eeaf748e4be
# transitive
pycountry==26.2.16 \
    --hash=sha256:115c4baf7cceaa30f59a4694d79483c9167dbce7a9de4d3d571c5f3ea77c305a
# transitive
pydantic==2.13.4 \
    --hash=sha256:45a282cde31d808236fd7ea9d919b128653c8b38b393d1c4ab335c62924d9aba
# transitive
pydantic_core==2.46.4 \
    --hash=sha256:f9fa868638bf362d3d138ea55829cefb3d5f4b0d7f142234382a15e2485dbec4
# transitive
pytablewriter==1.2.1 \
    --hash=sha256:e906ff7ff5151d70a5f66e0f7b75642a7f2dce8d893c265b79cc9cf6bc04ddb4
# transitive
python-dateutil==2.9.0.post0 \
    --hash=sha256:a8b2bc7bffae282281c8140a97d3aa9c14da0b136dfe83f850eea9a5f7470427
# transitive
python-dotenv==1.2.2 \
    --hash=sha256:1d8214789a24de455a8b8bd8ae6fe3c6b69a5e3d64aa8a8e5d68e694bbcb285a
# transitive
regex==2026.7.19 \
    --hash=sha256:09f3e5287f94f17b709dc9a9e70865855feee835c861613be144218ce4ca82cc
# transitive
rich==15.0.0 \
    --hash=sha256:33bd4ef74232fb73fe9279a257718407f169c09b78a87ad3d296f548e27de0bb
# locally built
rouge_score==0.1.2 \
    --hash=sha256:77d0955fbd44b85cfb87898e657aa5c16dbf3608baae6b2eed83f2b81fcd00fd
# transitive
s3fs==2025.7.0 \
    --hash=sha256:b6b2d3f84b6aa1c2ba5e62e39dd9410cf54f10a2cce1ea6db1ba0d1a6bcce685
# transitive
s3transfer==0.14.0 \
    --hash=sha256:ea3b790c7077558ed1f02a3072fb3cb992bbbd253392f4b6e9e8976941c7d456
# transitive
sacrebleu==2.6.0 \
    --hash=sha256:3edc1531575cfe4ad04ce53491a9307e234af1c3f805a1f491cbec844229a8a8
safetensors==0.8.0 \
    --hash=sha256:fd6f3f93c9a0a7cc2788ee63fb763353d4bd2e89b0751bc78fcf7dda00bea774
# transitive
scikit-learn==1.9.0 \
    --hash=sha256:f7e254636164090da847715a27f8e5478feb98c40a9e0ee90cbd277de9e5ceb8
# transitive
scipy==1.17.1 \
    --hash=sha256:43af8d1f3bea642559019edfe64e9b11192a8978efbd1539d7bc2aaa23d92de4
# transitive
semver==3.0.4 \
    --hash=sha256:9c824d87ba7f7ab4a1890799cec8596f15c1241cb473404ea1cb0c55e4b04746
sentencepiece==0.2.1 \
    --hash=sha256:4f5a3e0d9f445ed9d66c0fec47d4b23d12cfc858b407a03c194c1b26c2ac2a63
# transitive
shellingham==1.5.4 \
    --hash=sha256:7ecfff8f2fd72616f7481040475a65b2bf8af90a56c89140852d1120324e8686
# transitive
shortuuid==1.0.13 \
    --hash=sha256:a482a497300b49b4953e15108a7913244e1bb0d41f9d332f5e9925dba33a3c5a
# transitive
smmap==5.0.3 \
    --hash=sha256:c106e05d5a61449cf6ba9a1e650227ecfb141590d2a98412103ff35d89fc7b2f
# transitive
sniffio==1.3.1 \
    --hash=sha256:2f6da418d1f1e0fddd844478f41680e794e6051915791a034ff65e5f100525a2
# transitive
starlette==1.3.1 \
    --hash=sha256:c7372aae11c3c3f26a42df7bd626cec2f47d03483d261d369516a615a53714c6
# transitive
tabledata==1.3.5 \
    --hash=sha256:a1e57afc4767b51bef551114c0df31f205d712dbb75e3caf9be7834a79f23136
# transitive
tabulate==0.10.0 \
    --hash=sha256:f0b0622e567335c8fabaaa659f1b33bcb6ddfe2e496071b743aa113f8774f2d3
# transitive
tcolorpy==0.1.7 \
    --hash=sha256:26a59d52027e175a37e0aba72efc99dda43f074db71f55b316d3de37d3251378
# transitive
tenacity==9.1.4 \
    --hash=sha256:6095a360c919085f28c6527de529e76a06ad89b23659fa881ae0649b867a9d55
# transitive
termcolor==2.3.0 \
    --hash=sha256:3afb05607b89aed0ffe25202399ee0867ad4d3cb4180d98aaf8eefa6a5f7d475
# transitive
textual==8.2.8 \
    --hash=sha256:267375fd402dc8d981457212efa71f0e3365fd17bba144ba9bb3ed7563cb374a
# transitive
threadpoolctl==3.6.0 \
    --hash=sha256:43a0b8fd5a2928500110039e43a5eed8480b918967083ea48dc3ab9f13c4a7fb
# transitive
tiktoken==0.13.0 \
    --hash=sha256:36217497eaffc158607a3b26f065300db2aefd43b115263f3b9688ce38146173
# transitive
tokenizers==0.22.2 \
    --hash=sha256:369cc9fc8cc10cb24143873a0d95438bb8ee257bb80c71989e3ee290e8d72c67
transformers==4.57.6 \
    --hash=sha256:4c9e9de11333ddfe5114bc872c9f370509198acf0b87a832a0ab9458e2bd0550
trl==1.9.2 \
    --hash=sha256:27847cd9b429af83365b311bb9d93e24bc8cdcc80a54973a6c6cb18a084bce75
# transitive
typepy==1.3.5 \
    --hash=sha256:de361b59609c7503efc2edbe9d7a4e053ae71307bf90ae1678ec4d6bcd807922
# transitive
typer==0.27.1 \
    --hash=sha256:53150287edd11baeb4e4722c8e394fcdf8181c0ae89485cba8d25c778d5edd56
# transitive
typing-inspection==0.4.2 \
    --hash=sha256:4ed1cacbdc298c220f1bd249ed5287caa16f34d44ef4e9c3d0cbad5b521545e7
# transitive
uc-micro-py==2.0.0 \
    --hash=sha256:3603a3859af53e5a39bc7677713c78ea6589ff188d70f4fee165db88e22b242c
# transitive
universal_pathlib==0.3.10 \
    --hash=sha256:dfaf2fb35683d2eb1287a3ed7b215e4d6016aa6eaf339c607023d22f90821c66
# transitive
uvicorn==0.52.1 \
    --hash=sha256:e4403f9d93188cf9d1088e9f40e3acd12630e2df8675316704379a7fc20fff6a
# transitive
wrapt==1.17.3 \
    --hash=sha256:b32888aad8b6e68f83a8fdccbf3165f5469702a7544472bdf41f582970ed3311
# transitive
xxhash==3.8.1 \
    --hash=sha256:ad52a0e4bcc0ba956a953a169d1feec2734a64981d689e4fc8f490f7bf91af60
# transitive
yarl==1.24.5 \
    --hash=sha256:570fec8fbd22b032733625f03f10b7ff023bc399213db15e72a7acaef28c2f4e
# transitive
zipfile-zstd==0.0.4 \
    --hash=sha256:c8e07be35765c072eb7b1be715c89ecb248a1127b014e12a9b8ac7db2600c166
# transitive
zipp==4.1.0 \
    --hash=sha256:25ad4e16390cd314347dd8f1de67a2ac538ae658ed4ab9db16029c07c188e97f
